
Microsoft Visual Studio Solution File, Format Version 12.00
# Visual Studio 15
VisualStudioVersion = 15.0.27703.2026
MinimumVisualStudioVersion = 10.0.40219.1
Project("{FAE04EC0-301F-11D3-BF4B-00C04F79EFBC}") = "MetodosEstaticos", "MetodosEstaticos\MetodosEstaticos.csproj", "{CA288936-55E2-4636-A39F-0D670A755564}"
EndProject
Global
	GlobalSection(SolutionConfigurationPlatforms) = preSolution
		Debug|Any CPU = Debug|Any CPU
		Release|Any CPU = Release|Any CPU
	EndGlobalSection
	GlobalSection(ProjectConfigurationPlatforms) = postSolution
		{CA288936-55E2-4636-A39F-0D670A755564}.Debug|Any CPU.ActiveCfg = Debug|Any CPU
		{CA288936-55E2-4636-A39F-0D670A755564}.Debug|Any CPU.Build.0 = Debug|Any CPU
		{CA288936-55E2-4636-A39F-0D670A755564}.Release|Any CPU.ActiveCfg = Release|Any CPU
		{CA288936-55E2-4636-A39F-0D670A755564}.Release|Any CPU.Build.0 = Release|Any CPU
	EndGlobalSection
	GlobalSection(SolutionProperties) = preSolution
		HideSolutionNode = FALSE
	EndGlobalSection
	GlobalSection(ExtensibilityGlobals) = postSolution
		SolutionGuid = {78857480-9C20-4AE8-A4CD-0AFBFD89DB4E}
	EndGlobalSection
EndGlobal
